
Microsoft Visual Studio Solution File, Format Version 12.00
# Visual Studio Version 17
VisualStudioVersion = 17.9.34728.123
MinimumVisualStudioVersion = 10.0.40219.1
Project("{FAE04EC0-301F-11D3-BF4B-00C04F79EFBC}") = "Funcoes", "Funcoes\Funcoes.csproj", "{0F52F85E-FA5A-430B-85D7-DB66635BC382}"
EndProject
Global
	GlobalSection(SolutionConfigurationPlatforms) = preSolution
		Debug|Any CPU = Debug|Any CPU
		Release|Any CPU = Release|Any CPU
	EndGlobalSection
	GlobalSection(ProjectConfigurationPlatforms) = postSolution
		{0F52F85E-FA5A-430B-85D7-DB66635BC382}.Debug|Any CPU.ActiveCfg = Debug|Any CPU
		{0F52F85E-FA5A-430B-85D7-DB66635BC382}.Debug|Any CPU.Build.0 = Debug|Any CPU
		{0F52F85E-FA5A-430B-85D7-DB66635BC382}.Release|Any CPU.ActiveCfg = Release|Any CPU
		{0F52F85E-FA5A-430B-85D7-DB66635BC382}.Release|Any CPU.Build.0 = Release|Any CPU
	EndGlobalSection
	GlobalSection(SolutionProperties) = preSolution
		HideSolutionNode = FALSE
	EndGlobalSection
	GlobalSection(ExtensibilityGlobals) = postSolution
		SolutionGuid = {DB8F8977-8DB4-49C6-A01E-A1DEA8F3CDEE}
	EndGlobalSection
EndGlobal
