
Microsoft Visual Studio Solution File, Format Version 12.00
# Visual Studio Version 17
VisualStudioVersion = 17.9.34728.123
MinimumVisualStudioVersion = 10.0.40219.1
Project("{FAE04EC0-301F-11D3-BF4B-00C04F79EFBC}") = "While", "While\While.csproj", "{0C6E9AD9-7383-4826-9748-D04739A8CED7}"
EndProject
Global
	GlobalSection(SolutionConfigurationPlatforms) = preSolution
		Debug|Any CPU = Debug|Any CPU
		Release|Any CPU = Release|Any CPU
	EndGlobalSection
	GlobalSection(ProjectConfigurationPlatforms) = postSolution
		{0C6E9AD9-7383-4826-9748-D04739A8CED7}.Debug|Any CPU.ActiveCfg = Debug|Any CPU
		{0C6E9AD9-7383-4826-9748-D04739A8CED7}.Debug|Any CPU.Build.0 = Debug|Any CPU
		{0C6E9AD9-7383-4826-9748-D04739A8CED7}.Release|Any CPU.ActiveCfg = Release|Any CPU
		{0C6E9AD9-7383-4826-9748-D04739A8CED7}.Release|Any CPU.Build.0 = Release|Any CPU
	EndGlobalSection
	GlobalSection(SolutionProperties) = preSolution
		HideSolutionNode = FALSE
	EndGlobalSection
	GlobalSection(ExtensibilityGlobals) = postSolution
		SolutionGuid = {3BC5C61B-D429-40A4-8A48-29A2B99F0C2B}
	EndGlobalSection
EndGlobal
